
Microsoft Visual Studio Solution File, Format Version 12.00
# Visual Studio Version 17
VisualStudioVersion = 17.7.33711.374
MinimumVisualStudioVersion = 10.0.40219.1
Project("{FAE04EC0-301F-11D3-BF4B-00C04F79EFBC}") = "MultiTenancy", "MultiTenancy\MultiTenancy.csproj", "{D05E4A92-1185-422E-8143-D1D081D3E848}"
EndProject
Global
	GlobalSection(SolutionConfigurationPlatforms) = preSolution
		Debug|Any CPU = Debug|Any CPU
		Release|Any CPU = Release|Any CPU
	EndGlobalSection
	GlobalSection(ProjectConfigurationPlatforms) = postSolution
		{D05E4A92-1185-422E-8143-D1D081D3E848}.Debug|Any CPU.ActiveCfg = Debug|Any CPU
		{D05E4A92-1185-422E-8143-D1D081D3E848}.Debug|Any CPU.Build.0 = Debug|Any CPU
		{D05E4A92-1185-422E-8143-D1D081D3E848}.Release|Any CPU.ActiveCfg = Release|Any CPU
		{D05E4A92-1185-422E-8143-D1D081D3E848}.Release|Any CPU.Build.0 = Release|Any CPU
	EndGlobalSection
	GlobalSection(SolutionProperties) = preSolution
		HideSolutionNode = FALSE
	EndGlobalSection
	GlobalSection(ExtensibilityGlobals) = postSolution
		SolutionGuid = {98DA3F53-786C-453A-B743-E073FF1BC1A8}
	EndGlobalSection
EndGlobal
